
Microsoft Visual Studio Solution File, Format Version 12.00
# Visual Studio Version 17
VisualStudioVersion = 17.1.32421.90
MinimumVisualStudioVersion = 10.0.40219.1
Project("{FAE04EC0-301F-11D3-BF4B-00C04F79EFBC}") = "practica", "practica\practica.csproj", "{E91537AB-69AD-4E3A-8987-08D7C90BFDA8}"
EndProject
Global
	GlobalSection(SolutionConfigurationPlatforms) = preSolution
		Debug|Any CPU = Debug|Any CPU
		Release|Any CPU = Release|Any CPU
	EndGlobalSection
	GlobalSection(ProjectConfigurationPlatforms) = postSolution
		{E91537AB-69AD-4E3A-8987-08D7C90BFDA8}.Debug|Any CPU.ActiveCfg = Debug|Any CPU
		{E91537AB-69AD-4E3A-8987-08D7C90BFDA8}.Debug|Any CPU.Build.0 = Debug|Any CPU
		{E91537AB-69AD-4E3A-8987-08D7C90BFDA8}.Release|Any CPU.ActiveCfg = Release|Any CPU
		{E91537AB-69AD-4E3A-8987-08D7C90BFDA8}.Release|Any CPU.Build.0 = Release|Any CPU
	EndGlobalSection
	GlobalSection(SolutionProperties) = preSolution
		HideSolutionNode = FALSE
	EndGlobalSection
	GlobalSection(ExtensibilityGlobals) = postSolution
		SolutionGuid = {2C9CCCF2-700D-42C4-8F1C-A9961981DC2C}
	EndGlobalSection
EndGlobal
